
Microsoft Visual Studio Solution File, Format Version 11.00
# Visual Studio 2010
Project("{8BC9CEB8-8B4A-11D0-8D11-00A0C91BC942}") = "FCM模糊聚类", "FCM模糊聚类\FCM模糊聚类.vcxproj", "{F3FB114C-F6BC-47CE-894C-782110758DC2}"
EndProject
Global
	GlobalSection(SolutionConfigurationPlatforms) = preSolution
		Debug|Win32 = Debug|Win32
		Release|Win32 = Release|Win32
	EndGlobalSection
	GlobalSection(ProjectConfigurationPlatforms) = postSolution
		{F3FB114C-F6BC-47CE-894C-782110758DC2}.Debug|Win32.ActiveCfg = Debug|Win32
		{F3FB114C-F6BC-47CE-894C-782110758DC2}.Debug|Win32.Build.0 = Debug|Win32
		{F3FB114C-F6BC-47CE-894C-782110758DC2}.Release|Win32.ActiveCfg = Release|Win32
		{F3FB114C-F6BC-47CE-894C-782110758DC2}.Release|Win32.Build.0 = Release|Win32
	EndGlobalSection
	GlobalSection(SolutionProperties) = preSolution
		HideSolutionNode = FALSE
	EndGlobalSection
EndGlobal
